// !$*UTF8*$!
{
	archiveVersion = 1;
	classes = {
	};
	objectVersion = 46;
	objects = {

/* Begin PBXBuildFile section */
		2C3421161AB96082005D33C9 /* Foundation.framework in Frameworks */ = {isa = PBXBuildFile; fileRef = 2C3421151AB96082005D33C9 /* Foundation.framework */; };
		2C3421181AB96082005D33C9 /* CoreGraphics.framework in Frameworks */ = {isa = PBXBuildFile; fileRef = 2C3421171AB96082005D33C9 /* CoreGraphics.framework */; };
		2C34211A1AB96082005D33C9 /* UIKit.framework in Frameworks */ = {isa = PBXBuildFile; fileRef = 2C3421191AB96082005D33C9 /* UIKit.framework */; };
		2C3421201AB96082005D33C9 /* InfoPlist.strings in Resources */ = {isa = PBXBuildFile; fileRef = 2C34211E1AB96082005D33C9 /* InfoPlist.strings */; };
		2C3421221AB96082005D33C9 /* main.m in Sources */ = {isa = PBXBuildFile; fileRef = 2C3421211AB96082005D33C9 /* main.m */; };
		2C3421261AB96082005D33C9 /* MAAppDelegate.m in Sources */ = {isa = PBXBuildFile; fileRef = 2C3421251AB96082005D33C9 /* MAAppDelegate.m */; };
		2C3421281AB96082005D33C9 /* Images.xcassets in Resources */ = {isa = PBXBuildFile; fileRef = 2C3421271AB96082005D33C9 /* Images.xcassets */; };
		2C34212F1AB96082005D33C9 /* XCTest.framework in Frameworks */ = {isa = PBXBuildFile; fileRef = 2C34212E1AB96082005D33C9 /* XCTest.framework */; };
		2C3421301AB96082005D33C9 /* Foundation.framework in Frameworks */ = {isa = PBXBuildFile; fileRef = 2C3421151AB96082005D33C9 /* Foundation.framework */; };
		2C3421311AB96082005D33C9 /* UIKit.framework in Frameworks */ = {isa = PBXBuildFile; fileRef = 2C3421191AB96082005D33C9 /* UIKit.framework */; };
		2C3421391AB96082005D33C9 /* InfoPlist.strings in Resources */ = {isa = PBXBuildFile; fileRef = 2C3421371AB96082005D33C9 /* InfoPlist.strings */; };
		2C34213B1AB96082005D33C9 /* MobilTests.m in Sources */ = {isa = PBXBuildFile; fileRef = 2C34213A1AB96082005D33C9 /* MobilTests.m */; };
/* End PBXBuildFile section */

/* Begin PBXContainerItemProxy section */
		2C3421321AB96082005D33C9 /* PBXContainerItemProxy */ = {
			isa = PBXContainerItemProxy;
			containerPortal = 2C34210A1AB96082005D33C9 /* Project object */;
			proxyType = 1;
			remoteGlobalIDString = 2C3421111AB96082005D33C9;
			remoteInfo = Mobil;
		};
/* End PBXContainerItemProxy section */

/* Begin PBXFileReference section */
		2C3421121AB96082005D33C9 /* Mobil.app */ = {isa = PBXFileReference; explicitFileType = wrapper.application; includeInIndex = 0; path = Mobil.app; sourceTree = BUILT_PRODUCTS_DIR; };
		2C3421151AB96082005D33C9 /* Foundation.framework */ = {isa = PBXFileReference; lastKnownFileType = wrapper.framework; name = Foundation.framework; path = System/Library/Frameworks/Foundation.framework; sourceTree = SDKROOT; };
		2C3421171AB96082005D33C9 /* CoreGraphics.framework */ = {isa = PBXFileReference; lastKnownFileType = wrapper.framework; name = CoreGraphics.framework; path = System/Library/Frameworks/CoreGraphics.framework; sourceTree = SDKROOT; };
		2C3421191AB96082005D33C9 /* UIKit.framework */ = {isa = PBXFileReference; lastKnownFileType = wrapper.framework; name = UIKit.framework; path = System/Library/Frameworks/UIKit.framework; sourceTree = SDKROOT; };
		2C34211D1AB96082005D33C9 /* Mobil-Info.plist */ = {isa = PBXFileReference; lastKnownFileType = text.plist.xml; path = "Mobil-Info.plist"; sourceTree = "<group>"; };
		2C34211F1AB96082005D33C9 /* en */ = {isa = PBXFileReference; lastKnownFileType = text.plist.strings; name = en; path = en.lproj/InfoPlist.strings; sourceTree = "<group>"; };
		2C3421211AB96082005D33C9 /* main.m */ = {isa = PBXFileReference; lastKnownFileType = sourcecode.c.objc; path = main.m; sourceTree = "<group>"; };
		2C3421231AB96082005D33C9 /* Mobil-Prefix.pch */ = {isa = PBXFileReference; lastKnownFileType = sourcecode.c.h; path = "Mobil-Prefix.pch"; sourceTree = "<group>"; };
		2C3421241AB96082005D33C9 /* MAAppDelegate.h */ = {isa = PBXFileReference; lastKnownFileType = sourcecode.c.h; path = MAAppDelegate.h; sourceTree = "<group>"; };
		2C3421251AB96082005D33C9 /* MAAppDelegate.m */ = {isa = PBXFileReference; lastKnownFileType = sourcecode.c.objc; path = MAAppDelegate.m; sourceTree = "<group>"; };
		2C3421271AB96082005D33C9 /* Images.xcassets */ = {isa = PBXFileReference; lastKnownFileType = folder.assetcatalog; path = Images.xcassets; sourceTree = "<group>"; };
		2C34212D1AB96082005D33C9 /* MobilTests.xctest */ = {isa = PBXFileReference; explicitFileType = wrapper.cfbundle; includeInIndex = 0; path = MobilTests.xctest; sourceTree = BUILT_PRODUCTS_DIR; };
		2C34212E1AB96082005D33C9 /* XCTest.framework */ = {isa = PBXFileReference; lastKnownFileType = wrapper.framework; name = XCTest.framework; path = Library/Frameworks/XCTest.framework; sourceTree = DEVELOPER_DIR; };
		2C3421361AB96082005D33C9 /* MobilTests-Info.plist */ = {isa = PBXFileReference; lastKnownFileType = text.plist.xml; path = "MobilTests-Info.plist"; sourceTree = "<group>"; };
		2C3421381AB96082005D33C9 /* en */ = {isa = PBXFileReference; lastKnownFileType = text.plist.strings; name = en; path = en.lproj/InfoPlist.strings; sourceTree = "<group>"; };
		2C34213A1AB96082005D33C9 /* MobilTests.m */ = {isa = PBXFileReference; lastKnownFileType = sourcecode.c.objc; path = MobilTests.m; sourceTree = "<group>"; };
/* End PBXFileReference section */

/* Begin PBXFrameworksBuildPhase section */
		2C34210F1AB96082005D33C9 /* Frameworks */ = {
			isa = PBXFrameworksBuildPhase;
			buildActionMask = 2147483647;
			files = (
				2C3421181AB96082005D33C9 /* CoreGraphics.framework in Frameworks */,
				2C34211A1AB96082005D33C9 /* UIKit.framework in Frameworks */,
				2C3421161AB96082005D33C9 /* Foundation.framework in Frameworks */,
			);
			runOnlyForDeploymentPostprocessing = 0;
		};
		2C34212A1AB96082005D33C9 /* Frameworks */ = {
			isa = PBXFrameworksBuildPhase;
			buildActionMask = 2147483647;
			files = (
				2C34212F1AB96082005D33C9 /* XCTest.framework in Frameworks */,
				2C3421311AB96082005D33C9 /* UIKit.framework in Frameworks */,
				2C3421301AB96082005D33C9 /* Foundation.framework in Frameworks */,
			);
			runOnlyForDeploymentPostprocessing = 0;
		};
/* End PBXFrameworksBuildPhase section */

/* Begin PBXGroup section */
		2C3421091AB96082005D33C9 = {
			isa = PBXGroup;
			children = (
				2C34211B1AB96082005D33C9 /* Mobil */,
				2C3421341AB96082005D33C9 /* MobilTests */,
				2C3421141AB96082005D33C9 /* Frameworks */,
				2C3421131AB96082005D33C9 /* Products */,
			);
			sourceTree = "<group>";
		};
		2C3421131AB96082005D33C9 /* Products */ = {
			isa = PBXGroup;
			children = (
				2C3421121AB96082005D33C9 /* Mobil.app */,
				2C34212D1AB96082005D33C9 /* MobilTests.xctest */,
			);
			name = Products;
			sourceTree = "<group>";
		};
		2C3421141AB96082005D33C9 /* Frameworks */ = {
			isa = PBXGroup;
			children = (
				2C3421151AB96082005D33C9 /* Foundation.framework */,
				2C3421171AB96082005D33C9 /* CoreGraphics.framework */,
				2C3421191AB96082005D33C9 /* UIKit.framework */,
				2C34212E1AB96082005D33C9 /* XCTest.framework */,
			);
			name = Frameworks;
			sourceTree = "<group>";
		};
		2C34211B1AB96082005D33C9 /* Mobil */ = {
			isa = PBXGroup;
			children = (
				2C3421241AB96082005D33C9 /* MAAppDelegate.h */,
				2C3421251AB96082005D33C9 /* MAAppDelegate.m */,
				2C3421271AB96082005D33C9 /* Images.xcassets */,
				2C34211C1AB96082005D33C9 /* Supporting Files */,
			);
			path = Mobil;
			sourceTree = "<group>";
		};
		2C34211C1AB96082005D33C9 /* Supporting Files */ = {
			isa = PBXGroup;
			children = (
				2C34211D1AB96082005D33C9 /* Mobil-Info.plist */,
				2C34211E1AB96082005D33C9 /* InfoPlist.strings */,
				2C3421211AB96082005D33C9 /* main.m */,
				2C3421231AB96082005D33C9 /* Mobil-Prefix.pch */,
			);
			name = "Supporting Files";
			sourceTree = "<group>";
		};
		2C3421341AB96082005D33C9 /* MobilTests */ = {
			isa = PBXGroup;
			children = (
				2C34213A1AB96082005D33C9 /* MobilTests.m */,
				2C3421351AB96082005D33C9 /* Supporting Files */,
			);
			path = MobilTests;
			sourceTree = "<group>";
		};
		2C3421351AB96082005D33C9 /* Supporting Files */ = {
			isa = PBXGroup;
			children = (
				2C3421361AB96082005D33C9 /* MobilTests-Info.plist */,
				2C3421371AB96082005D33C9 /* InfoPlist.strings */,
			);
			name = "Supporting Files";
			sourceTree = "<group>";
		};
/* End PBXGroup section */

/* Begin PBXNativeTarget section */
		2C3421111AB96082005D33C9 /* Mobil */ = {
			isa = PBXNativeTarget;
			buildConfigurationList = 2C34213E1AB96082005D33C9 /* Build configuration list for PBXNativeTarget "Mobil" */;
			buildPhases = (
				2C34210E1AB96082005D33C9 /* Sources */,
				2C34210F1AB96082005D33C9 /* Frameworks */,
				2C3421101AB96082005D33C9 /* Resources */,
			);
			buildRules = (
			);
			dependencies = (
			);
			name = Mobil;
			productName = Mobil;
			productReference = 2C3421121AB96082005D33C9 /* Mobil.app */;
			productType = "com.apple.product-type.application";
		};
		2C34212C1AB96082005D33C9 /* MobilTests */ = {
			isa = PBXNativeTarget;
			buildConfigurationList = 2C3421411AB96082005D33C9 /* Build configuration list for PBXNativeTarget "MobilTests" */;
			buildPhases = (
				2C3421291AB96082005D33C9 /* Sources */,
				2C34212A1AB96082005D33C9 /* Frameworks */,
				2C34212B1AB96082005D33C9 /* Resources */,
			);
			buildRules = (
			);
			dependencies = (
				2C3421331AB96082005D33C9 /* PBXTargetDependency */,
			);
			name = MobilTests;
			productName = MobilTests;
			productReference = 2C34212D1AB96082005D33C9 /* MobilTests.xctest */;
			productType = "com.apple.product-type.bundle.unit-test";
		};
/* End PBXNativeTarget section */

/* Begin PBXProject section */
		2C34210A1AB96082005D33C9 /* Project object */ = {
			isa = PBXProject;
			attributes = {
				CLASSPREFIX = MA;
				LastUpgradeCheck = 0500;
				ORGANIZATIONNAME = vega;
				TargetAttributes = {
					2C34212C1AB96082005D33C9 = {
						TestTargetID = 2C3421111AB96082005D33C9;
					};
				};
			};
			buildConfigurationList = 2C34210D1AB96082005D33C9 /* Build configuration list for PBXProject "Mobil" */;
			compatibilityVersion = "Xcode 3.2";
			developmentRegion = English;
			hasScannedForEncodings = 0;
			knownRegions = (
				en,
			);
			mainGroup = 2C3421091AB96082005D33C9;
			productRefGroup = 2C3421131AB96082005D33C9 /* Products */;
			projectDirPath = "";
			projectRoot = "";
			targets = (
				2C3421111AB96082005D33C9 /* Mobil */,
				2C34212C1AB96082005D33C9 /* MobilTests */,
			);
		};
/* End PBXProject section */

/* Begin PBXResourcesBuildPhase section */
		2C3421101AB96082005D33C9 /* Resources */ = {
			isa = PBXResourcesBuildPhase;
			buildActionMask = 2147483647;
			files = (
				2C3421201AB96082005D33C9 /* InfoPlist.strings in Resources */,
				2C3421281AB96082005D33C9 /* Images.xcassets in Resources */,
			);
			runOnlyForDeploymentPostprocessing = 0;
		};
		2C34212B1AB96082005D33C9 /* Resources */ = {
			isa = PBXResourcesBuildPhase;
			buildActionMask = 2147483647;
			files = (
				2C3421391AB96082005D33C9 /* InfoPlist.strings in Resources */,
			);
			runOnlyForDeploymentPostprocessing = 0;
		};
/* End PBXResourcesBuildPhase section */

/* Begin PBXSourcesBuildPhase section */
		2C34210E1AB96082005D33C9 /* Sources */ = {
			isa = PBXSourcesBuildPhase;
			buildActionMask = 2147483647;
			files = (
				2C3421261AB96082005D33C9 /* MAAppDelegate.m in Sources */,
				2C3421221AB96082005D33C9 /* main.m in Sources */,
			);
			runOnlyForDeploymentPostprocessing = 0;
		};
		2C3421291AB96082005D33C9 /* Sources */ = {
			isa = PBXSourcesBuildPhase;
			buildActionMask = 2147483647;
			files = (
				2C34213B1AB96082005D33C9 /* MobilTests.m in Sources */,
			);
			runOnlyForDeploymentPostprocessing = 0;
		};
/* End PBXSourcesBuildPhase section */

/* Begin PBXTargetDependency section */
		2C3421331AB96082005D33C9 /* PBXTargetDependency */ = {
			isa = PBXTargetDependency;
			target = 2C3421111AB96082005D33C9 /* Mobil */;
			targetProxy = 2C3421321AB96082005D33C9 /* PBXContainerItemProxy */;
		};
/* End PBXTargetDependency section */

/* Begin PBXVariantGroup section */
		2C34211E1AB96082005D33C9 /* InfoPlist.strings */ = {
			isa = PBXVariantGroup;
			children = (
				2C34211F1AB96082005D33C9 /* en */,
			);
			name = InfoPlist.strings;
			sourceTree = "<group>";
		};
		2C3421371AB96082005D33C9 /* InfoPlist.strings */ = {
			isa = PBXVariantGroup;
			children = (
				2C3421381AB96082005D33C9 /* en */,
			);
			name = InfoPlist.strings;
			sourceTree = "<group>";
		};
/* End PBXVariantGroup section */

/* Begin XCBuildConfiguration section */
		2C34213C1AB96082005D33C9 /* Debug */ = {
			isa = XCBuildConfiguration;
			buildSettings = {
				ALWAYS_SEARCH_USER_PATHS = NO;
				ARCHS = "$(ARCHS_STANDARD_INCLUDING_64_BIT)";
				CLANG_CXX_LANGUAGE_STANDARD = "gnu++0x";
				CLANG_CXX_LIBRARY = "libc++";
				CLANG_ENABLE_MODULES = YES;
				CLANG_ENABLE_OBJC_ARC = YES;
				CLANG_WARN_BOOL_CONVERSION = YES;
				CLANG_WARN_CONSTANT_CONVERSION = YES;
				CLANG_WARN_DIRECT_OBJC_ISA_USAGE = YES_ERROR;
				CLANG_WARN_EMPTY_BODY = YES;
				CLANG_WARN_ENUM_CONVERSION = YES;
				CLANG_WARN_INT_CONVERSION = YES;
				CLANG_WARN_OBJC_ROOT_CLASS = YES_ERROR;
				CLANG_WARN__DUPLICATE_METHOD_MATCH = YES;
				"CODE_SIGN_IDENTITY[sdk=iphoneos*]" = "iPhone Developer";
				COPY_PHASE_STRIP = NO;
				GCC_C_LANGUAGE_STANDARD = gnu99;
				GCC_DYNAMIC_NO_PIC = NO;
				GCC_OPTIMIZATION_LEVEL = 0;
				GCC_PREPROCESSOR_DEFINITIONS = (
					"DEBUG=1",
					"$(inherited)",
				);
				GCC_SYMBOLS_PRIVATE_EXTERN = NO;
				GCC_WARN_64_TO_32_BIT_CONVERSION = YES;
				GCC_WARN_ABOUT_RETURN_TYPE = YES_ERROR;
				GCC_WARN_UNDECLARED_SELECTOR = YES;
				GCC_WARN_UNINITIALIZED_AUTOS = YES;
				GCC_WARN_UNUSED_FUNCTION = YES;
				GCC_WARN_UNUSED_VARIABLE = YES;
				IPHONEOS_DEPLOYMENT_TARGET = 7.0;
				ONLY_ACTIVE_ARCH = YES;
				SDKROOT = iphoneos;
				TARGETED_DEVICE_FAMILY = 2;
			};
			name = Debug;
		};
		2C34213D1AB96082005D33C9 /* Release */ = {
			isa = XCBuildConfiguration;
			buildSettings = {
				ALWAYS_SEARCH_USER_PATHS = NO;
				ARCHS = "$(ARCHS_STANDARD_INCLUDING_64_BIT)";
				CLANG_CXX_LANGUAGE_STANDARD = "gnu++0x";
				CLANG_CXX_LIBRARY = "libc++";
				CLANG_ENABLE_MODULES = YES;
				CLANG_ENABLE_OBJC_ARC = YES;
				CLANG_WARN_BOOL_CONVERSION = YES;
				CLANG_WARN_CONSTANT_CONVERSION = YES;
				CLANG_WARN_DIRECT_OBJC_ISA_USAGE = YES_ERROR;
				CLANG_WARN_EMPTY_BODY = YES;
				CLANG_WARN_ENUM_CONVERSION = YES;
				CLANG_WARN_INT_CONVERSION = YES;
				CLANG_WARN_OBJC_ROOT_CLASS = YES_ERROR;
				CLANG_WARN__DUPLICATE_METHOD_MATCH = YES;
				"CODE_SIGN_IDENTITY[sdk=iphoneos*]" = "iPhone Developer";
				COPY_PHASE_STRIP = YES;
				ENABLE_NS_ASSERTIONS = NO;
				GCC_C_LANGUAGE_STANDARD = gnu99;
				GCC_WARN_64_TO_32_BIT_CONVERSION = YES;
				GCC_WARN_ABOUT_RETURN_TYPE = YES_ERROR;
				GCC_WARN_UNDECLARED_SELECTOR = YES;
				GCC_WARN_UNINITIALIZED_AUTOS = YES;
				GCC_WARN_UNUSED_FUNCTION = YES;
				GCC_WARN_UNUSED_VARIABLE = YES;
				IPHONEOS_DEPLOYMENT_TARGET = 7.0;
				SDKROOT = iphoneos;
				TARGETED_DEVICE_FAMILY = 2;
				VALIDATE_PRODUCT = YES;
			};
			name = Release;
		};
		2C34213F1AB96082005D33C9 /* Debug */ = {
			isa = XCBuildConfiguration;
			buildSettings = {
				ASSETCATALOG_COMPILER_APPICON_NAME = AppIcon;
				ASSETCATALOG_COMPILER_LAUNCHIMAGE_NAME = LaunchImage;
				GCC_PRECOMPILE_PREFIX_HEADER = YES;
				GCC_PREFIX_HEADER = "Mobil/Mobil-Prefix.pch";
				INFOPLIST_FILE = "Mobil/Mobil-Info.plist";
				PRODUCT_NAME = "$(TARGET_NAME)";
				WRAPPER_EXTENSION = app;
			};
			name = Debug;
		};
		2C3421401AB96082005D33C9 /* Release */ = {
			isa = XCBuildConfiguration;
			buildSettings = {
				ASSETCATALOG_COMPILER_APPICON_NAME = AppIcon;
				ASSETCATALOG_COMPILER_LAUNCHIMAGE_NAME = LaunchImage;
				GCC_PRECOMPILE_PREFIX_HEADER = YES;
				GCC_PREFIX_HEADER = "Mobil/Mobil-Prefix.pch";
				INFOPLIST_FILE = "Mobil/Mobil-Info.plist";
				PRODUCT_NAME = "$(TARGET_NAME)";
				WRAPPER_EXTENSION = app;
			};
			name = Release;
		};
		2C3421421AB96082005D33C9 /* Debug */ = {
			isa = XCBuildConfiguration;
			buildSettings = {
				ARCHS = "$(ARCHS_STANDARD_INCLUDING_64_BIT)";
				BUNDLE_LOADER = "$(BUILT_PRODUCTS_DIR)/Mobil.app/Mobil";
				FRAMEWORK_SEARCH_PATHS = (
					"$(SDKROOT)/Developer/Library/Frameworks",
					"$(inherited)",
					"$(DEVELOPER_FRAMEWORKS_DIR)",
				);
				GCC_PRECOMPILE_PREFIX_HEADER = YES;
				GCC_PREFIX_HEADER = "Mobil/Mobil-Prefix.pch";
				GCC_PREPROCESSOR_DEFINITIONS = (
					"DEBUG=1",
					"$(inherited)",
				);
				INFOPLIST_FILE = "MobilTests/MobilTests-Info.plist";
				PRODUCT_NAME = "$(TARGET_NAME)";
				TEST_HOST = "$(BUNDLE_LOADER)";
				WRAPPER_EXTENSION = xctest;
			};
			name = Debug;
		};
		2C3421431AB96082005D33C9 /* Release */ = {
			isa = XCBuildConfiguration;
			buildSettings = {
				ARCHS = "$(ARCHS_STANDARD_INCLUDING_64_BIT)";
				BUNDLE_LOADER = "$(BUILT_PRODUCTS_DIR)/Mobil.app/Mobil";
				FRAMEWORK_SEARCH_PATHS = (
					"$(SDKROOT)/Developer/Library/Frameworks",
					"$(inherited)",
					"$(DEVELOPER_FRAMEWORKS_DIR)",
				);
				GCC_PRECOMPILE_PREFIX_HEADER = YES;
				GCC_PREFIX_HEADER = "Mobil/Mobil-Prefix.pch";
				INFOPLIST_FILE = "MobilTests/MobilTests-Info.plist";
				PRODUCT_NAME = "$(TARGET_NAME)";
				TEST_HOST = "$(BUNDLE_LOADER)";
				WRAPPER_EXTENSION = xctest;
			};
			name = Release;
		};
/* End XCBuildConfiguration section */

/* Begin XCConfigurationList section */
		2C34210D1AB96082005D33C9 /* Build configuration list for PBXProject "Mobil" */ = {
			isa = XCConfigurationList;
			buildConfigurations = (
				2C34213C1AB96082005D33C9 /* Debug */,
				2C34213D1AB96082005D33C9 /* Release */,
			);
			defaultConfigurationIsVisible = 0;
			defaultConfigurationName = Release;
		};
		2C34213E1AB96082005D33C9 /* Build configuration list for PBXNativeTarget "Mobil" */ = {
			isa = XCConfigurationList;
			buildConfigurations = (
				2C34213F1AB96082005D33C9 /* Debug */,
				2C3421401AB96082005D33C9 /* Release */,
			);
			defaultConfigurationIsVisible = 0;
		};
		2C3421411AB96082005D33C9 /* Build configuration list for PBXNativeTarget "MobilTests" */ = {
			isa = XCConfigurationList;
			buildConfigurations = (
				2C3421421AB96082005D33C9 /* Debug */,
				2C3421431AB96082005D33C9 /* Release */,
			);
			defaultConfigurationIsVisible = 0;
		};
/* End XCConfigurationList section */
	};
	rootObject = 2C34210A1AB96082005D33C9 /* Project object */;
}
